Microsoft Visual Studio Solution File, Format Version 12.00
# Visual Studio Version 17
VisualStudioVersion = 17.5.2.0
MinimumVisualStudioVersion = 10.0.40219.1
Project("{FAE04EC0-301F-11D3-BF4B-00C04F79EFBC}") = "DrHan.API", "DrHan.API.csproj", "{9FEB0796-A05E-0586-5E47-480A2D792734}"
EndProject
Global
	GlobalSection(SolutionConfigurationPlatforms) = preSolution
		Debug|Any CPU = Debug|Any CPU
		Release|Any CPU = Release|Any CPU
	EndGlobalSection
	GlobalSection(ProjectConfigurationPlatforms) = postSolution
		{9FEB0796-A05E-0586-5E47-480A2D792734}.Debug|Any CPU.ActiveCfg = Debug|Any CPU
		{9FEB0796-A05E-0586-5E47-480A2D792734}.Debug|Any CPU.Build.0 = Debug|Any CPU
		{9FEB0796-A05E-0586-5E47-480A2D792734}.Release|Any CPU.ActiveCfg = Release|Any CPU
		{9FEB0796-A05E-0586-5E47-480A2D792734}.Release|Any CPU.Build.0 = Release|Any CPU
	EndGlobalSection
	GlobalSection(SolutionProperties) = preSolution
		HideSolutionNode = FALSE
	EndGlobalSection
	GlobalSection(ExtensibilityGlobals) = postSolution
		SolutionGuid = {E8F454F4-44A8-44E6-8C57-DEB2F69F7E23}
	EndGlobalSection
EndGlobal
